
Microsoft Visual Studio Solution File, Format Version 12.00
# Visual Studio Version 17
VisualStudioVersion = 17.11.35219.272
MinimumVisualStudioVersion = 10.0.40219.1
Project("{FAE04EC0-301F-11D3-BF4B-00C04F79EFBC}") = "MaybeError", "MaybeError\MaybeError.csproj", "{542F56CD-34E6-4B95-A75D-DFBC8CCC0E65}"
EndProject
Project("{FAE04EC0-301F-11D3-BF4B-00C04F79EFBC}") = "MaybeErrorTests", "MaybeErrorTests\MaybeErrorTests.csproj", "{17467BE9-78C3-4E03-B829-FD7AA2DFB116}"
EndProject
Global
	GlobalSection(SolutionConfigurationPlatforms) = preSolution
		Debug|Any CPU = Debug|Any CPU
		Release|Any CPU = Release|Any CPU
	EndGlobalSection
	GlobalSection(ProjectConfigurationPlatforms) = postSolution
		{542F56CD-34E6-4B95-A75D-DFBC8CCC0E65}.Debug|Any CPU.ActiveCfg = Debug|Any CPU
		{542F56CD-34E6-4B95-A75D-DFBC8CCC0E65}.Debug|Any CPU.Build.0 = Debug|Any CPU
		{542F56CD-34E6-4B95-A75D-DFBC8CCC0E65}.Release|Any CPU.ActiveCfg = Release|Any CPU
		{542F56CD-34E6-4B95-A75D-DFBC8CCC0E65}.Release|Any CPU.Build.0 = Release|Any CPU
		{17467BE9-78C3-4E03-B829-FD7AA2DFB116}.Debug|Any CPU.ActiveCfg = Debug|Any CPU
		{17467BE9-78C3-4E03-B829-FD7AA2DFB116}.Debug|Any CPU.Build.0 = Debug|Any CPU
		{17467BE9-78C3-4E03-B829-FD7AA2DFB116}.Release|Any CPU.ActiveCfg = Release|Any CPU
		{17467BE9-78C3-4E03-B829-FD7AA2DFB116}.Release|Any CPU.Build.0 = Release|Any CPU
	EndGlobalSection
	GlobalSection(SolutionProperties) = preSolution
		HideSolutionNode = FALSE
	EndGlobalSection
	GlobalSection(ExtensibilityGlobals) = postSolution
		SolutionGuid = {94322BD7-955B-4456-B4B3-E46BEA356AA5}
	EndGlobalSection
EndGlobal
